
Microsoft Visual Studio Solution File, Format Version 12.00
# Visual Studio Version 17
VisualStudioVersion = 17.8.34408.163
MinimumVisualStudioVersion = 10.0.40219.1
Project("{2150E333-8FDC-42A3-9474-1A3956D46DE8}") = "Services", "Services", "{AF1D6244-B897-495A-9759-5BF12FDC4043}"
EndProject
Project("{2150E333-8FDC-42A3-9474-1A3956D46DE8}") = "AuthAPI", "AuthAPI", "{EAA7A054-7430-4150-8EF9-8CD0AC9B12B5}"
EndProject
Project("{FAE04EC0-301F-11D3-BF4B-00C04F79EFBC}") = "VistaBasket.Auth.WebAPI", "VistaBasket.Auth.WebAPI\VistaBasket.Auth.WebAPI.csproj", "{B28073B8-55B3-4697-B0B0-C0F4ADDD805F}"
EndProject
Project("{FAE04EC0-301F-11D3-BF4B-00C04F79EFBC}") = "VistaBasket.Auth.Data", "VistaBasket.Auth.Data\VistaBasket.Auth.Data.csproj", "{3E6FBE6E-467E-4506-BA60-1851DEEA482F}"
EndProject
Project("{FAE04EC0-301F-11D3-BF4B-00C04F79EFBC}") = "VistaBasket.Auth.Repository", "VistaBasket.Auth.Repository\VistaBasket.Auth.Repository.csproj", "{A602AD7E-E5B6-45C8-BC5F-36F9DE3C9D35}"
EndProject
Project("{FAE04EC0-301F-11D3-BF4B-00C04F79EFBC}") = "VistaBasket.Auth.Entities", "VistaBasket.Auth.Entities\VistaBasket.Auth.Entities.csproj", "{46E29843-9BC6-4AD8-9E89-9630FDF676F2}"
EndProject
Project("{FAE04EC0-301F-11D3-BF4B-00C04F79EFBC}") = "VistaBasket.Auth.Service", "VistaBasket.Auth.Service\VistaBasket.Auth.Service.csproj", "{E7AF5B83-23E9-48E0-AE14-2E835903A261}"
EndProject
Project("{2150E333-8FDC-42A3-9474-1A3956D46DE8}") = "CatalogAPI", "CatalogAPI", "{204EA14E-7061-4B11-83A5-35C31A5397A2}"
EndProject
Project("{FAE04EC0-301F-11D3-BF4B-00C04F79EFBC}") = "VistaBasket.Catalog.WebAPI", "VistaBasket.Catalog.WebAPI\VistaBasket.Catalog.WebAPI.csproj", "{C12B7CC9-D363-4F9E-88DE-1C7FD270C873}"
EndProject
Project("{FAE04EC0-301F-11D3-BF4B-00C04F79EFBC}") = "VistaBasket.Catalog.Data", "VistaBasket.Catalog.Data\VistaBasket.Catalog.Data.csproj", "{73AFFEA8-732E-47C5-9269-3A11F7717981}"
EndProject
Project("{FAE04EC0-301F-11D3-BF4B-00C04F79EFBC}") = "VistaBasket.Catalog.Entities", "VistaBasket.Catalog.Entities\VistaBasket.Catalog.Entities.csproj", "{D12053FF-41E3-4AA2-ADE4-105969ADD875}"
EndProject
Project("{FAE04EC0-301F-11D3-BF4B-00C04F79EFBC}") = "VistaBasket.Catalog.Repository", "VistaBasket.Catalog.Repository\VistaBasket.Catalog.Repository.csproj", "{B1BE7DF5-AF5C-4C1A-A75A-DBE54C16C776}"
EndProject
Project("{FAE04EC0-301F-11D3-BF4B-00C04F79EFBC}") = "VistaBasket.Catalog.Service", "VistaBasket.Catalog.Service\VistaBasket.Catalog.Service.csproj", "{54858CD1-77B1-42D7-80FE-D22107B1A048}"
EndProject
Project("{2150E333-8FDC-42A3-9474-1A3956D46DE8}") = "OrderAPI", "OrderAPI", "{F8B057E6-0AEA-459A-A8FB-D37E8897A7FC}"
EndProject
Project("{FAE04EC0-301F-11D3-BF4B-00C04F79EFBC}") = "VistaBasket.Order.WebAPI", "VistaBasket.Order.WebAPI\VistaBasket.Order.WebAPI.csproj", "{4E086A85-3C16-425B-87F7-2EB49501190B}"
EndProject
Project("{FAE04EC0-301F-11D3-BF4B-00C04F79EFBC}") = "VistaBasket.Order.Data", "VistaBasket.Order.Data\VistaBasket.Order.Data.csproj", "{56EA9CCE-0C7E-4A6B-8703-2341D6C8F22D}"
EndProject
Project("{FAE04EC0-301F-11D3-BF4B-00C04F79EFBC}") = "VistaBasket.Order.Entities", "VistaBasket.Order.Entities\VistaBasket.Order.Entities.csproj", "{9F098841-3AD4-475A-9F7F-912752F2799A}"
EndProject
Project("{FAE04EC0-301F-11D3-BF4B-00C04F79EFBC}") = "VistaBasket.Order.Repository", "VistaBasket.Order.Repository\VistaBasket.Order.Repository.csproj", "{6DF8BB03-6172-40CA-AC66-8A88F03B85F6}"
EndProject
Project("{FAE04EC0-301F-11D3-BF4B-00C04F79EFBC}") = "VistaBasket.Order.Service", "VistaBasket.Order.Service\VistaBasket.Order.Service.csproj", "{85B9A0BD-507A-40E2-BD15-0F71EBB72559}"
EndProject
Global
	GlobalSection(SolutionConfigurationPlatforms) = preSolution
		Debug|Any CPU = Debug|Any CPU
		Release|Any CPU = Release|Any CPU
	EndGlobalSection
	GlobalSection(ProjectConfigurationPlatforms) = postSolution
		{B28073B8-55B3-4697-B0B0-C0F4ADDD805F}.Debug|Any CPU.ActiveCfg = Debug|Any CPU
		{B28073B8-55B3-4697-B0B0-C0F4ADDD805F}.Debug|Any CPU.Build.0 = Debug|Any CPU
		{B28073B8-55B3-4697-B0B0-C0F4ADDD805F}.Release|Any CPU.ActiveCfg = Release|Any CPU
		{B28073B8-55B3-4697-B0B0-C0F4ADDD805F}.Release|Any CPU.Build.0 = Release|Any CPU
		{3E6FBE6E-467E-4506-BA60-1851DEEA482F}.Debug|Any CPU.ActiveCfg = Debug|Any CPU
		{3E6FBE6E-467E-4506-BA60-1851DEEA482F}.Debug|Any CPU.Build.0 = Debug|Any CPU
		{3E6FBE6E-467E-4506-BA60-1851DEEA482F}.Release|Any CPU.ActiveCfg = Release|Any CPU
		{3E6FBE6E-467E-4506-BA60-1851DEEA482F}.Release|Any CPU.Build.0 = Release|Any CPU
		{A602AD7E-E5B6-45C8-BC5F-36F9DE3C9D35}.Debug|Any CPU.ActiveCfg = Debug|Any CPU
		{A602AD7E-E5B6-45C8-BC5F-36F9DE3C9D35}.Debug|Any CPU.Build.0 = Debug|Any CPU
		{A602AD7E-E5B6-45C8-BC5F-36F9DE3C9D35}.Release|Any CPU.ActiveCfg = Release|Any CPU
		{A602AD7E-E5B6-45C8-BC5F-36F9DE3C9D35}.Release|Any CPU.Build.0 = Release|Any CPU
		{46E29843-9BC6-4AD8-9E89-9630FDF676F2}.Debug|Any CPU.ActiveCfg = Debug|Any CPU
		{46E29843-9BC6-4AD8-9E89-9630FDF676F2}.Debug|Any CPU.Build.0 = Debug|Any CPU
		{46E29843-9BC6-4AD8-9E89-9630FDF676F2}.Release|Any CPU.ActiveCfg = Release|Any CPU
		{46E29843-9BC6-4AD8-9E89-9630FDF676F2}.Release|Any CPU.Build.0 = Release|Any CPU
		{E7AF5B83-23E9-48E0-AE14-2E835903A261}.Debug|Any CPU.ActiveCfg = Debug|Any CPU
		{E7AF5B83-23E9-48E0-AE14-2E835903A261}.Debug|Any CPU.Build.0 = Debug|Any CPU
		{E7AF5B83-23E9-48E0-AE14-2E835903A261}.Release|Any CPU.ActiveCfg = Release|Any CPU
		{E7AF5B83-23E9-48E0-AE14-2E835903A261}.Release|Any CPU.Build.0 = Release|Any CPU
		{C12B7CC9-D363-4F9E-88DE-1C7FD270C873}.Debug|Any CPU.ActiveCfg = Debug|Any CPU
		{C12B7CC9-D363-4F9E-88DE-1C7FD270C873}.Debug|Any CPU.Build.0 = Debug|Any CPU
		{C12B7CC9-D363-4F9E-88DE-1C7FD270C873}.Release|Any CPU.ActiveCfg = Release|Any CPU
		{C12B7CC9-D363-4F9E-88DE-1C7FD270C873}.Release|Any CPU.Build.0 = Release|Any CPU
		{73AFFEA8-732E-47C5-9269-3A11F7717981}.Debug|Any CPU.ActiveCfg = Debug|Any CPU
		{73AFFEA8-732E-47C5-9269-3A11F7717981}.Debug|Any CPU.Build.0 = Debug|Any CPU
		{73AFFEA8-732E-47C5-9269-3A11F7717981}.Release|Any CPU.ActiveCfg = Release|Any CPU
		{73AFFEA8-732E-47C5-9269-3A11F7717981}.Release|Any CPU.Build.0 = Release|Any CPU
		{D12053FF-41E3-4AA2-ADE4-105969ADD875}.Debug|Any CPU.ActiveCfg = Debug|Any CPU
		{D12053FF-41E3-4AA2-ADE4-105969ADD875}.Debug|Any CPU.Build.0 = Debug|Any CPU
		{D12053FF-41E3-4AA2-ADE4-105969ADD875}.Release|Any CPU.ActiveCfg = Release|Any CPU
		{D12053FF-41E3-4AA2-ADE4-105969ADD875}.Release|Any CPU.Build.0 = Release|Any CPU
		{B1BE7DF5-AF5C-4C1A-A75A-DBE54C16C776}.Debug|Any CPU.ActiveCfg = Debug|Any CPU
		{B1BE7DF5-AF5C-4C1A-A75A-DBE54C16C776}.Debug|Any CPU.Build.0 = Debug|Any CPU
		{B1BE7DF5-AF5C-4C1A-A75A-DBE54C16C776}.Release|Any CPU.ActiveCfg = Release|Any CPU
		{B1BE7DF5-AF5C-4C1A-A75A-DBE54C16C776}.Release|Any CPU.Build.0 = Release|Any CPU
		{54858CD1-77B1-42D7-80FE-D22107B1A048}.Debug|Any CPU.ActiveCfg = Debug|Any CPU
		{54858CD1-77B1-42D7-80FE-D22107B1A048}.Debug|Any CPU.Build.0 = Debug|Any CPU
		{54858CD1-77B1-42D7-80FE-D22107B1A048}.Release|Any CPU.ActiveCfg = Release|Any CPU
		{54858CD1-77B1-42D7-80FE-D22107B1A048}.Release|Any CPU.Build.0 = Release|Any CPU
		{4E086A85-3C16-425B-87F7-2EB49501190B}.Debug|Any CPU.ActiveCfg = Debug|Any CPU
		{4E086A85-3C16-425B-87F7-2EB49501190B}.Debug|Any CPU.Build.0 = Debug|Any CPU
		{4E086A85-3C16-425B-87F7-2EB49501190B}.Release|Any CPU.ActiveCfg = Release|Any CPU
		{4E086A85-3C16-425B-87F7-2EB49501190B}.Release|Any CPU.Build.0 = Release|Any CPU
		{56EA9CCE-0C7E-4A6B-8703-2341D6C8F22D}.Debug|Any CPU.ActiveCfg = Debug|Any CPU
		{56EA9CCE-0C7E-4A6B-8703-2341D6C8F22D}.Debug|Any CPU.Build.0 = Debug|Any CPU
		{56EA9CCE-0C7E-4A6B-8703-2341D6C8F22D}.Release|Any CPU.ActiveCfg = Release|Any CPU
		{56EA9CCE-0C7E-4A6B-8703-2341D6C8F22D}.Release|Any CPU.Build.0 = Release|Any CPU
		{9F098841-3AD4-475A-9F7F-912752F2799A}.Debug|Any CPU.ActiveCfg = Debug|Any CPU
		{9F098841-3AD4-475A-9F7F-912752F2799A}.Debug|Any CPU.Build.0 = Debug|Any CPU
		{9F098841-3AD4-475A-9F7F-912752F2799A}.Release|Any CPU.ActiveCfg = Release|Any CPU
		{9F098841-3AD4-475A-9F7F-912752F2799A}.Release|Any CPU.Build.0 = Release|Any CPU
		{6DF8BB03-6172-40CA-AC66-8A88F03B85F6}.Debug|Any CPU.ActiveCfg = Debug|Any CPU
		{6DF8BB03-6172-40CA-AC66-8A88F03B85F6}.Debug|Any CPU.Build.0 = Debug|Any CPU
		{6DF8BB03-6172-40CA-AC66-8A88F03B85F6}.Release|Any CPU.ActiveCfg = Release|Any CPU
		{6DF8BB03-6172-40CA-AC66-8A88F03B85F6}.Release|Any CPU.Build.0 = Release|Any CPU
		{85B9A0BD-507A-40E2-BD15-0F71EBB72559}.Debug|Any CPU.ActiveCfg = Debug|Any CPU
		{85B9A0BD-507A-40E2-BD15-0F71EBB72559}.Debug|Any CPU.Build.0 = Debug|Any CPU
		{85B9A0BD-507A-40E2-BD15-0F71EBB72559}.Release|Any CPU.ActiveCfg = Release|Any CPU
		{85B9A0BD-507A-40E2-BD15-0F71EBB72559}.Release|Any CPU.Build.0 = Release|Any CPU
	EndGlobalSection
	GlobalSection(SolutionProperties) = preSolution
		HideSolutionNode = FALSE
	EndGlobalSection
	GlobalSection(NestedProjects) = preSolution
		{EAA7A054-7430-4150-8EF9-8CD0AC9B12B5} = {AF1D6244-B897-495A-9759-5BF12FDC4043}
		{B28073B8-55B3-4697-B0B0-C0F4ADDD805F} = {EAA7A054-7430-4150-8EF9-8CD0AC9B12B5}
		{3E6FBE6E-467E-4506-BA60-1851DEEA482F} = {EAA7A054-7430-4150-8EF9-8CD0AC9B12B5}
		{A602AD7E-E5B6-45C8-BC5F-36F9DE3C9D35} = {EAA7A054-7430-4150-8EF9-8CD0AC9B12B5}
		{46E29843-9BC6-4AD8-9E89-9630FDF676F2} = {EAA7A054-7430-4150-8EF9-8CD0AC9B12B5}
		{E7AF5B83-23E9-48E0-AE14-2E835903A261} = {EAA7A054-7430-4150-8EF9-8CD0AC9B12B5}
		{204EA14E-7061-4B11-83A5-35C31A5397A2} = {AF1D6244-B897-495A-9759-5BF12FDC4043}
		{C12B7CC9-D363-4F9E-88DE-1C7FD270C873} = {204EA14E-7061-4B11-83A5-35C31A5397A2}
		{73AFFEA8-732E-47C5-9269-3A11F7717981} = {204EA14E-7061-4B11-83A5-35C31A5397A2}
		{D12053FF-41E3-4AA2-ADE4-105969ADD875} = {204EA14E-7061-4B11-83A5-35C31A5397A2}
		{B1BE7DF5-AF5C-4C1A-A75A-DBE54C16C776} = {204EA14E-7061-4B11-83A5-35C31A5397A2}
		{54858CD1-77B1-42D7-80FE-D22107B1A048} = {204EA14E-7061-4B11-83A5-35C31A5397A2}
		{F8B057E6-0AEA-459A-A8FB-D37E8897A7FC} = {AF1D6244-B897-495A-9759-5BF12FDC4043}
		{4E086A85-3C16-425B-87F7-2EB49501190B} = {F8B057E6-0AEA-459A-A8FB-D37E8897A7FC}
		{56EA9CCE-0C7E-4A6B-8703-2341D6C8F22D} = {F8B057E6-0AEA-459A-A8FB-D37E8897A7FC}
		{9F098841-3AD4-475A-9F7F-912752F2799A} = {F8B057E6-0AEA-459A-A8FB-D37E8897A7FC}
		{6DF8BB03-6172-40CA-AC66-8A88F03B85F6} = {F8B057E6-0AEA-459A-A8FB-D37E8897A7FC}
		{85B9A0BD-507A-40E2-BD15-0F71EBB72559} = {F8B057E6-0AEA-459A-A8FB-D37E8897A7FC}
	EndGlobalSection
	GlobalSection(ExtensibilityGlobals) = postSolution
		SolutionGuid = {997D2E17-104E-4CBA-ABC3-CD3F693BDB5F}
	EndGlobalSection
EndGlobal
